
Microsoft Visual Studio Solution File, Format Version 12.00
# Visual Studio 2012
Project("{FAE04EC0-301F-11D3-BF4B-00C04F79EFBC}") = "TrafficDissector", "TrafficDissector\TrafficDissector.csproj", "{60A667F2-8602-474B-BFED-418A9BB6FD09}"
EndProject
Project("{FAE04EC0-301F-11D3-BF4B-00C04F79EFBC}") = "SharpPcap", "SharpPcap\SharpPcap.csproj", "{24262E52-1304-4A25-8F73-A3B06E40592E}"
EndProject
Global
	GlobalSection(SolutionConfigurationPlatforms) = preSolution
		Debug|Any CPU = Debug|Any CPU
		Release|Any CPU = Release|Any CPU
	EndGlobalSection
	GlobalSection(ProjectConfigurationPlatforms) = postSolution
		{60A667F2-8602-474B-BFED-418A9BB6FD09}.Debug|Any CPU.ActiveCfg = Debug|Any CPU
		{60A667F2-8602-474B-BFED-418A9BB6FD09}.Debug|Any CPU.Build.0 = Debug|Any CPU
		{60A667F2-8602-474B-BFED-418A9BB6FD09}.Release|Any CPU.ActiveCfg = Release|Any CPU
		{60A667F2-8602-474B-BFED-418A9BB6FD09}.Release|Any CPU.Build.0 = Release|Any CPU
		{24262E52-1304-4A25-8F73-A3B06E40592E}.Debug|Any CPU.ActiveCfg = Debug|Any CPU
		{24262E52-1304-4A25-8F73-A3B06E40592E}.Debug|Any CPU.Build.0 = Debug|Any CPU
		{24262E52-1304-4A25-8F73-A3B06E40592E}.Release|Any CPU.ActiveCfg = Release|Any CPU
		{24262E52-1304-4A25-8F73-A3B06E40592E}.Release|Any CPU.Build.0 = Release|Any CPU
	EndGlobalSection
	GlobalSection(SolutionProperties) = preSolution
		HideSolutionNode = FALSE
	EndGlobalSection
EndGlobal
